
Microsoft Visual Studio Solution File, Format Version 12.00
# Visual Studio 2012
Project("{FAE04EC0-301F-11D3-BF4B-00C04F79EFBC}") = "DoctorCarReport", "DoctorCarReport\DoctorCarReport.csproj", "{BA886F6E-A826-492C-9956-380F1229CEF9}"
EndProject
Global
	GlobalSection(SolutionConfigurationPlatforms) = preSolution
		Debug|Any CPU = Debug|Any CPU
		Release|Any CPU = Release|Any CPU
	EndGlobalSection
	GlobalSection(ProjectConfigurationPlatforms) = postSolution
		{BA886F6E-A826-492C-9956-380F1229CEF9}.Debug|Any CPU.ActiveCfg = Debug|Any CPU
		{BA886F6E-A826-492C-9956-380F1229CEF9}.Debug|Any CPU.Build.0 = Debug|Any CPU
		{BA886F6E-A826-492C-9956-380F1229CEF9}.Release|Any CPU.ActiveCfg = Release|Any CPU
		{BA886F6E-A826-492C-9956-380F1229CEF9}.Release|Any CPU.Build.0 = Release|Any CPU
	EndGlobalSection
	GlobalSection(SolutionProperties) = preSolution
		HideSolutionNode = FALSE
	EndGlobalSection
EndGlobal
